
Microsoft Visual Studio Solution File, Format Version 12.00
# Visual Studio Version 17
VisualStudioVersion = 17.11.35208.52
MinimumVisualStudioVersion = 10.0.40219.1
Project("{9A19103F-16F7-4668-BE54-9A1E7A4F7556}") = "luizalabs.desafio_tecnico", "luizalabs.desafio_tecnico\luizalabs.desafio_tecnico.csproj", "{7661D3D0-AC10-4073-BD8E-AB0FA8C1B0C7}"
EndProject
Project("{E53339B2-1760-4266-BCC7-CA923CBCF16C}") = "docker-compose", "docker-compose.dcproj", "{DBAD7C22-C891-49F7-951D-2D667CEF14C2}"
EndProject
Project("{FAE04EC0-301F-11D3-BF4B-00C04F79EFBC}") = "luizalabs.desafio_tecnico.test", "luizalabs.desafio_tecnico.test\luizalabs.desafio_tecnico.test.csproj", "{7438B973-966A-4C33-B9C8-F4C06978E3EE}"
EndProject
Global
	GlobalSection(SolutionConfigurationPlatforms) = preSolution
		Debug|Any CPU = Debug|Any CPU
		Release|Any CPU = Release|Any CPU
	EndGlobalSection
	GlobalSection(ProjectConfigurationPlatforms) = postSolution
		{7661D3D0-AC10-4073-BD8E-AB0FA8C1B0C7}.Debug|Any CPU.ActiveCfg = Debug|Any CPU
		{7661D3D0-AC10-4073-BD8E-AB0FA8C1B0C7}.Debug|Any CPU.Build.0 = Debug|Any CPU
		{7661D3D0-AC10-4073-BD8E-AB0FA8C1B0C7}.Release|Any CPU.ActiveCfg = Release|Any CPU
		{7661D3D0-AC10-4073-BD8E-AB0FA8C1B0C7}.Release|Any CPU.Build.0 = Release|Any CPU
		{DBAD7C22-C891-49F7-951D-2D667CEF14C2}.Debug|Any CPU.ActiveCfg = Debug|Any CPU
		{DBAD7C22-C891-49F7-951D-2D667CEF14C2}.Debug|Any CPU.Build.0 = Debug|Any CPU
		{DBAD7C22-C891-49F7-951D-2D667CEF14C2}.Release|Any CPU.ActiveCfg = Release|Any CPU
		{DBAD7C22-C891-49F7-951D-2D667CEF14C2}.Release|Any CPU.Build.0 = Release|Any CPU
		{7438B973-966A-4C33-B9C8-F4C06978E3EE}.Debug|Any CPU.ActiveCfg = Debug|Any CPU
		{7438B973-966A-4C33-B9C8-F4C06978E3EE}.Debug|Any CPU.Build.0 = Debug|Any CPU
		{7438B973-966A-4C33-B9C8-F4C06978E3EE}.Release|Any CPU.ActiveCfg = Release|Any CPU
		{7438B973-966A-4C33-B9C8-F4C06978E3EE}.Release|Any CPU.Build.0 = Release|Any CPU
	EndGlobalSection
	GlobalSection(SolutionProperties) = preSolution
		HideSolutionNode = FALSE
	EndGlobalSection
	GlobalSection(ExtensibilityGlobals) = postSolution
		SolutionGuid = {DBC44DBA-687E-4B8D-92FE-3184487D5B8C}
	EndGlobalSection
EndGlobal
